
Microsoft Visual Studio Solution File, Format Version 12.00
# Visual Studio 15
VisualStudioVersion = 15.0.28307.1972
MinimumVisualStudioVersion = 10.0.40219.1
Project("{8BC9CEB8-8B4A-11D0-8D11-00A0C91BC942}") = "Working", "Working\Working.vcxproj", "{0530A735-47D0-4FD4-AFD1-D16D00536D76}"
EndProject
Project("{8BC9CEB8-8B4A-11D0-8D11-00A0C91BC942}") = "Challenge2", "Challenge2\Challenge2.vcxproj", "{2B632726-80E1-49A0-AA1C-1864AA9B570A}"
EndProject
Project("{8BC9CEB8-8B4A-11D0-8D11-00A0C91BC942}") = "PrimeNumbers", "PrimeNumbers\PrimeNumbers.vcxproj", "{340F9E51-4622-4FD3-9E6B-1A8661DDC481}"
EndProject
Project("{8BC9CEB8-8B4A-11D0-8D11-00A0C91BC942}") = "NonRecursiveFactorial", "NonRecursiveFactorial\NonRecursiveFactorial.vcxproj", "{6CB7EF79-DDC4-4738-B28D-18CD47341A67}"
EndProject
Project("{8BC9CEB8-8B4A-11D0-8D11-00A0C91BC942}") = "NonMemberOperatorOverload", "NonMemberOperatorOverload\NonMemberOperatorOverload.vcxproj", "{5EC34C6A-DD89-4FF6-9CD6-596B425900F8}"
EndProject
Project("{8BC9CEB8-8B4A-11D0-8D11-00A0C91BC942}") = "TemplateFactorial", "TemplateFactorial\TemplateFactorial.vcxproj", "{0B8D3C4B-084E-4223-8F6D-D45CDEBA7EDA}"
EndProject
Project("{8BC9CEB8-8B4A-11D0-8D11-00A0C91BC942}") = "CH8StdLibrary", "CH8StdLibrary\CH8StdLibrary.vcxproj", "{64808950-AC58-449F-8B40-FEC82AD4CC48}"
EndProject
Project("{8BC9CEB8-8B4A-11D0-8D11-00A0C91BC942}") = "TransformAFile", "TransformAFile\TransformAFile.vcxproj", "{25C53AD3-0D7C-4184-9A8E-E9824F6C6140}"
EndProject
Global
	GlobalSection(SolutionConfigurationPlatforms) = preSolution
		Debug|x64 = Debug|x64
		Debug|x86 = Debug|x86
		Release|x64 = Release|x64
		Release|x86 = Release|x86
	EndGlobalSection
	GlobalSection(ProjectConfigurationPlatforms) = postSolution
		{0530A735-47D0-4FD4-AFD1-D16D00536D76}.Debug|x64.ActiveCfg = Debug|x64
		{0530A735-47D0-4FD4-AFD1-D16D00536D76}.Debug|x64.Build.0 = Debug|x64
		{0530A735-47D0-4FD4-AFD1-D16D00536D76}.Debug|x86.ActiveCfg = Debug|Win32
		{0530A735-47D0-4FD4-AFD1-D16D00536D76}.Debug|x86.Build.0 = Debug|Win32
		{0530A735-47D0-4FD4-AFD1-D16D00536D76}.Release|x64.ActiveCfg = Release|x64
		{0530A735-47D0-4FD4-AFD1-D16D00536D76}.Release|x64.Build.0 = Release|x64
		{0530A735-47D0-4FD4-AFD1-D16D00536D76}.Release|x86.ActiveCfg = Release|Win32
		{0530A735-47D0-4FD4-AFD1-D16D00536D76}.Release|x86.Build.0 = Release|Win32
		{2B632726-80E1-49A0-AA1C-1864AA9B570A}.Debug|x64.ActiveCfg = Debug|x64
		{2B632726-80E1-49A0-AA1C-1864AA9B570A}.Debug|x64.Build.0 = Debug|x64
		{2B632726-80E1-49A0-AA1C-1864AA9B570A}.Debug|x86.ActiveCfg = Debug|Win32
		{2B632726-80E1-49A0-AA1C-1864AA9B570A}.Debug|x86.Build.0 = Debug|Win32
		{2B632726-80E1-49A0-AA1C-1864AA9B570A}.Release|x64.ActiveCfg = Release|x64
		{2B632726-80E1-49A0-AA1C-1864AA9B570A}.Release|x64.Build.0 = Release|x64
		{2B632726-80E1-49A0-AA1C-1864AA9B570A}.Release|x86.ActiveCfg = Release|Win32
		{2B632726-80E1-49A0-AA1C-1864AA9B570A}.Release|x86.Build.0 = Release|Win32
		{340F9E51-4622-4FD3-9E6B-1A8661DDC481}.Debug|x64.ActiveCfg = Debug|x64
		{340F9E51-4622-4FD3-9E6B-1A8661DDC481}.Debug|x64.Build.0 = Debug|x64
		{340F9E51-4622-4FD3-9E6B-1A8661DDC481}.Debug|x86.ActiveCfg = Debug|Win32
		{340F9E51-4622-4FD3-9E6B-1A8661DDC481}.Debug|x86.Build.0 = Debug|Win32
		{340F9E51-4622-4FD3-9E6B-1A8661DDC481}.Release|x64.ActiveCfg = Release|x64
		{340F9E51-4622-4FD3-9E6B-1A8661DDC481}.Release|x64.Build.0 = Release|x64
		{340F9E51-4622-4FD3-9E6B-1A8661DDC481}.Release|x86.ActiveCfg = Release|Win32
		{340F9E51-4622-4FD3-9E6B-1A8661DDC481}.Release|x86.Build.0 = Release|Win32
		{6CB7EF79-DDC4-4738-B28D-18CD47341A67}.Debug|x64.ActiveCfg = Debug|x64
		{6CB7EF79-DDC4-4738-B28D-18CD47341A67}.Debug|x64.Build.0 = Debug|x64
		{6CB7EF79-DDC4-4738-B28D-18CD47341A67}.Debug|x86.ActiveCfg = Debug|Win32
		{6CB7EF79-DDC4-4738-B28D-18CD47341A67}.Debug|x86.Build.0 = Debug|Win32
		{6CB7EF79-DDC4-4738-B28D-18CD47341A67}.Release|x64.ActiveCfg = Release|x64
		{6CB7EF79-DDC4-4738-B28D-18CD47341A67}.Release|x64.Build.0 = Release|x64
		{6CB7EF79-DDC4-4738-B28D-18CD47341A67}.Release|x86.ActiveCfg = Release|Win32
		{6CB7EF79-DDC4-4738-B28D-18CD47341A67}.Release|x86.Build.0 = Release|Win32
		{5EC34C6A-DD89-4FF6-9CD6-596B425900F8}.Debug|x64.ActiveCfg = Debug|x64
		{5EC34C6A-DD89-4FF6-9CD6-596B425900F8}.Debug|x64.Build.0 = Debug|x64
		{5EC34C6A-DD89-4FF6-9CD6-596B425900F8}.Debug|x86.ActiveCfg = Debug|Win32
		{5EC34C6A-DD89-4FF6-9CD6-596B425900F8}.Debug|x86.Build.0 = Debug|Win32
		{5EC34C6A-DD89-4FF6-9CD6-596B425900F8}.Release|x64.ActiveCfg = Release|x64
		{5EC34C6A-DD89-4FF6-9CD6-596B425900F8}.Release|x64.Build.0 = Release|x64
		{5EC34C6A-DD89-4FF6-9CD6-596B425900F8}.Release|x86.ActiveCfg = Release|Win32
		{5EC34C6A-DD89-4FF6-9CD6-596B425900F8}.Release|x86.Build.0 = Release|Win32
		{0B8D3C4B-084E-4223-8F6D-D45CDEBA7EDA}.Debug|x64.ActiveCfg = Debug|x64
		{0B8D3C4B-084E-4223-8F6D-D45CDEBA7EDA}.Debug|x64.Build.0 = Debug|x64
		{0B8D3C4B-084E-4223-8F6D-D45CDEBA7EDA}.Debug|x86.ActiveCfg = Debug|Win32
		{0B8D3C4B-084E-4223-8F6D-D45CDEBA7EDA}.Debug|x86.Build.0 = Debug|Win32
		{0B8D3C4B-084E-4223-8F6D-D45CDEBA7EDA}.Release|x64.ActiveCfg = Release|x64
		{0B8D3C4B-084E-4223-8F6D-D45CDEBA7EDA}.Release|x64.Build.0 = Release|x64
		{0B8D3C4B-084E-4223-8F6D-D45CDEBA7EDA}.Release|x86.ActiveCfg = Release|Win32
		{0B8D3C4B-084E-4223-8F6D-D45CDEBA7EDA}.Release|x86.Build.0 = Release|Win32
		{64808950-AC58-449F-8B40-FEC82AD4CC48}.Debug|x64.ActiveCfg = Debug|x64
		{64808950-AC58-449F-8B40-FEC82AD4CC48}.Debug|x64.Build.0 = Debug|x64
		{64808950-AC58-449F-8B40-FEC82AD4CC48}.Debug|x86.ActiveCfg = Debug|Win32
		{64808950-AC58-449F-8B40-FEC82AD4CC48}.Debug|x86.Build.0 = Debug|Win32
		{64808950-AC58-449F-8B40-FEC82AD4CC48}.Release|x64.ActiveCfg = Release|x64
		{64808950-AC58-449F-8B40-FEC82AD4CC48}.Release|x64.Build.0 = Release|x64
		{64808950-AC58-449F-8B40-FEC82AD4CC48}.Release|x86.ActiveCfg = Release|Win32
		{64808950-AC58-449F-8B40-FEC82AD4CC48}.Release|x86.Build.0 = Release|Win32
		{25C53AD3-0D7C-4184-9A8E-E9824F6C6140}.Debug|x64.ActiveCfg = Debug|x64
		{25C53AD3-0D7C-4184-9A8E-E9824F6C6140}.Debug|x64.Build.0 = Debug|x64
		{25C53AD3-0D7C-4184-9A8E-E9824F6C6140}.Debug|x86.ActiveCfg = Debug|Win32
		{25C53AD3-0D7C-4184-9A8E-E9824F6C6140}.Debug|x86.Build.0 = Debug|Win32
		{25C53AD3-0D7C-4184-9A8E-E9824F6C6140}.Release|x64.ActiveCfg = Release|x64
		{25C53AD3-0D7C-4184-9A8E-E9824F6C6140}.Release|x64.Build.0 = Release|x64
		{25C53AD3-0D7C-4184-9A8E-E9824F6C6140}.Release|x86.ActiveCfg = Release|Win32
		{25C53AD3-0D7C-4184-9A8E-E9824F6C6140}.Release|x86.Build.0 = Release|Win32
	EndGlobalSection
	GlobalSection(SolutionProperties) = preSolution
		HideSolutionNode = FALSE
	EndGlobalSection
	GlobalSection(ExtensibilityGlobals) = postSolution
		SolutionGuid = {0FBF0CC7-7352-44EE-983F-53318476E165}
	EndGlobalSection
EndGlobal
